dependencies:
- name: cert-manager
  repository: https://charts.jetstack.io/
  version: v0.10.1
- name: prometheus
  repository: https://kubernetes-charts.storage.googleapis.com/
  version: 10.0.0
- name: postgresql
  repository: https://charts.bitnami.com/bitnami
  version: 8.9.4
- name: gitlab-runner
  repository: https://charts.gitlab.io/
  version: 0.18.1
- name: grafana
  repository: https://kubernetes-charts.storage.googleapis.com/
  version: 4.0.1
- name: redis
  repository: https://charts.bitnami.com/bitnami
  version: 10.3.4
digest: sha256:ef86780636f0bba5d4efe288f223b126b840913d7b9714bbccc579e18f8e9650
generated: "2020-07-06T22:10:10.885847811Z"
